
Microsoft Visual Studio Solution File, Format Version 12.00
# Visual Studio Version 16
VisualStudioVersion = 16.0.30523.141
MinimumVisualStudioVersion = 10.0.40219.1
Project("{FAE04EC0-301F-11D3-BF4B-00C04F79EFBC}") = "MyFirstApp", "MyFirstApp.csproj", "{F111B6D7-8E82-4570-850B-CC874D361D43}"
EndProject
Global
	GlobalSection(SolutionConfigurationPlatforms) = preSolution
		Debug|Any CPU = Debug|Any CPU
		Release|Any CPU = Release|Any CPU
	EndGlobalSection
	GlobalSection(ProjectConfigurationPlatforms) = postSolution
		{F111B6D7-8E82-4570-850B-CC874D361D43}.Debug|Any CPU.ActiveCfg = Debug|Any CPU
		{F111B6D7-8E82-4570-850B-CC874D361D43}.Debug|Any CPU.Build.0 = Debug|Any CPU
		{F111B6D7-8E82-4570-850B-CC874D361D43}.Release|Any CPU.ActiveCfg = Release|Any CPU
		{F111B6D7-8E82-4570-850B-CC874D361D43}.Release|Any CPU.Build.0 = Release|Any CPU
	EndGlobalSection
	GlobalSection(SolutionProperties) = preSolution
		HideSolutionNode = FALSE
	EndGlobalSection
	GlobalSection(ExtensibilityGlobals) = postSolution
		SolutionGuid = {88826A59-AF73-4B3A-A9A0-E6552868C6C1}
	EndGlobalSection
EndGlobal
